uuid: 71d730ec-cc79-4a59-ae8b-406f6f60fe12
langcode: en
status: true
dependencies:
  module:
    - hdbt_content
    - node
  theme:
    - hdbt
_core:
  default_config_hash: nH8M6u66xNnGzjplyiDZAKKeyzDR6NFyTMXNwDYzldk
id: heroblock
theme: hdbt
region: before_content
weight: -5
provider: null
plugin: hero_block
settings:
  id: hero_block
  label: 'Hero block'
  label_display: '0'
  provider: hdbt_content
visibility:
  'entity_bundle:node':
    id: 'entity_bundle:node'
    negate: false
    context_mapping:
      node: '@node.node_route_context:node'
    bundles:
      landing_page: landing_page
      page: page
